{
  "name": "plurk-schiphol",
  "version": "1.0.0",
  "lockfileVersion": 2,
  "requires": true,
  "packages": {
    "": {
      "version": "1.0.0",
      "license": "ISC",
      "dependencies": {
        "fetch-json": "^2.4.4",
        "ini": "^2.0.0",
        "node-fetch": "^2.6.1",
        "node-html-parser": "^2.1.0",
        "oauth": "^0.9.15"
      }
    },
    "node_modules/fetch-json": {
      "version": "2.4.4",
      "resolved": "https://registry.npmjs.org/fetch-json/-/fetch-json-2.4.4.tgz",
      "integrity": "sha512-LHMEoC1sOQiB3luEBiwfVH13U6qI8OHlRYLGbKyG9OaZGVqHWHaJV+mX+IS3wz9u4Pm2QBqq81aQUmM/gZRDMg=="
    },
    "node_modules/he": {
      "version": "1.2.0",
      "resolved": "https://registry.npmjs.org/he/-/he-1.2.0.tgz",
      "integrity": "sha512-F/1DnUGPopORZi0ni+CvrCgHQ5FyEAHRLSApuYWMmrbSwoN2Mn/7k+Gl38gJnR7yyDZk6WLXwiGod1JOWNDKGw==",
      "bin": {
        "he": "bin/he"
      }
    },
    "node_modules/ini": {
      "version": "2.0.0",
      "resolved": "https://registry.npmjs.org/ini/-/ini-2.0.0.tgz",
      "integrity": "sha512-7PnF4oN3CvZF23ADhA5wRaYEQpJ8qygSkbtTXWBeXWXmEVRXK+1ITciHWwHhsjv1TmW0MgacIv6hEi5pX5NQdA==",
      "engines": {
        "node": ">=10"
      }
    },
    "node_modules/node-fetch": {
      "version": "2.6.1",
      "resolved": "https://registry.npmjs.org/node-fetch/-/node-fetch-2.6.1.tgz",
      "integrity": "sha512-V4aYg89jEoVRxRb2fJdAg8FHvI7cEyYdVAh94HH0UIK8oJxUfkjlDQN9RbMx+bEjP7+ggMiFRprSti032Oipxw==",
      "engines": {
        "node": "4.x || >=6.0.0"
      }
    },
    "node_modules/node-html-parser": {
      "version": "2.1.0",
      "resolved": "https://registry.npmjs.org/node-html-parser/-/node-html-parser-2.1.0.tgz",
      "integrity": "sha512-kbCNfqjrwHAbG+mevL8aqjwVtF0Qv66XurWHoGLOc5G9rPR1L3k602jfeczAUUBldLNnCrdsDmO5G5nqAoMW+g==",
      "dependencies": {
        "he": "1.2.0"
      }
    },
    "node_modules/oauth": {
      "version": "0.9.15",
      "resolved": "https://registry.npmjs.org/oauth/-/oauth-0.9.15.tgz",
      "integrity": "sha1-vR/vr2hslrdUda7VGWQS/2DPucE="
    }
  },
  "dependencies": {
    "fetch-json": {
      "version": "2.4.4",
      "resolved": "https://registry.npmjs.org/fetch-json/-/fetch-json-2.4.4.tgz",
      "integrity": "sha512-LHMEoC1sOQiB3luEBiwfVH13U6qI8OHlRYLGbKyG9OaZGVqHWHaJV+mX+IS3wz9u4Pm2QBqq81aQUmM/gZRDMg=="
    },
    "he": {
      "version": "1.2.0",
      "resolved": "https://registry.npmjs.org/he/-/he-1.2.0.tgz",
      "integrity": "sha512-F/1DnUGPopORZi0ni+CvrCgHQ5FyEAHRLSApuYWMmrbSwoN2Mn/7k+Gl38gJnR7yyDZk6WLXwiGod1JOWNDKGw=="
    },
    "ini": {
      "version": "2.0.0",
      "resolved": "https://registry.npmjs.org/ini/-/ini-2.0.0.tgz",
      "integrity": "sha512-7PnF4oN3CvZF23ADhA5wRaYEQpJ8qygSkbtTXWBeXWXmEVRXK+1ITciHWwHhsjv1TmW0MgacIv6hEi5pX5NQdA=="
    },
    "node-fetch": {
      "version": "2.6.1",
      "resolved": "https://registry.npmjs.org/node-fetch/-/node-fetch-2.6.1.tgz",
      "integrity": "sha512-V4aYg89jEoVRxRb2fJdAg8FHvI7cEyYdVAh94HH0UIK8oJxUfkjlDQN9RbMx+bEjP7+ggMiFRprSti032Oipxw=="
    },
    "node-html-parser": {
      "version": "2.1.0",
      "resolved": "https://registry.npmjs.org/node-html-parser/-/node-html-parser-2.1.0.tgz",
      "integrity": "sha512-kbCNfqjrwHAbG+mevL8aqjwVtF0Qv66XurWHoGLOc5G9rPR1L3k602jfeczAUUBldLNnCrdsDmO5G5nqAoMW+g==",
      "requires": {
        "he": "1.2.0"
      }
    },
    "oauth": {
      "version": "0.9.15",
      "resolved": "https://registry.npmjs.org/oauth/-/oauth-0.9.15.tgz",
      "integrity": "sha1-vR/vr2hslrdUda7VGWQS/2DPucE="
    }
  }
}
