{
  "name": "plurk-schiphol",
  "version": "1.0.0",
  "lockfileVersion": 1,
  "requires": true,
  "dependencies": {
    "fetch-json": {
      "version": "2.4.4",
      "resolved": "https://registry.npmjs.org/fetch-json/-/fetch-json-2.4.4.tgz",
      "integrity": "sha512-LHMEoC1sOQiB3luEBiwfVH13U6qI8OHlRYLGbKyG9OaZGVqHWHaJV+mX+IS3wz9u4Pm2QBqq81aQUmM/gZRDMg=="
    },
    "node-fetch": {
      "version": "2.6.1",
      "resolved": "https://registry.npmjs.org/node-fetch/-/node-fetch-2.6.1.tgz",
      "integrity": "sha512-V4aYg89jEoVRxRb2fJdAg8FHvI7cEyYdVAh94HH0UIK8oJxUfkjlDQN9RbMx+bEjP7+ggMiFRprSti032Oipxw=="
    },
    "oauth": {
      "version": "0.9.15",
      "resolved": "https://registry.npmjs.org/oauth/-/oauth-0.9.15.tgz",
      "integrity": "sha1-vR/vr2hslrdUda7VGWQS/2DPucE="
    }
  }
}
